Microsoft Visual Studio Solution File, Format Version 11.00
# Visual Studio 2008

Project("{4F0D0261-B5C6-7273-0529-701E31B05A13}") = "Unity5AssetBundleSample", "Assembly-CSharp.csproj", "{688AE212-D010-D4F1-D2CF-8F4B21A04D90}"
EndProject
Project("{4F0D0261-B5C6-7273-0529-701E31B05A13}") = "Unity5AssetBundleSample", "Assembly-CSharp-Editor.csproj", "{920E1E3B-9032-CE9A-E462-A07FFFBEBDD9}"
EndProject
Global
	GlobalSection(SolutionConfigurationPlatforms) = preSolution
		Debug|Any CPU = Debug|Any CPU
		Release|Any CPU = Release|Any CPU
	EndGlobalSection
	GlobalSection(ProjectConfigurationPlatforms) = postSolution
		{688AE212-D010-D4F1-D2CF-8F4B21A04D90}.Debug|Any CPU.ActiveCfg = Debug|Any CPU
		{688AE212-D010-D4F1-D2CF-8F4B21A04D90}.Debug|Any CPU.Build.0 = Debug|Any CPU
		{688AE212-D010-D4F1-D2CF-8F4B21A04D90}.Release|Any CPU.ActiveCfg = Release|Any CPU
		{688AE212-D010-D4F1-D2CF-8F4B21A04D90}.Release|Any CPU.Build.0 = Release|Any CPU
		{920E1E3B-9032-CE9A-E462-A07FFFBEBDD9}.Debug|Any CPU.ActiveCfg = Debug|Any CPU
		{920E1E3B-9032-CE9A-E462-A07FFFBEBDD9}.Debug|Any CPU.Build.0 = Debug|Any CPU
		{920E1E3B-9032-CE9A-E462-A07FFFBEBDD9}.Release|Any CPU.ActiveCfg = Release|Any CPU
		{920E1E3B-9032-CE9A-E462-A07FFFBEBDD9}.Release|Any CPU.Build.0 = Release|Any CPU
	EndGlobalSection
	GlobalSection(SolutionProperties) = preSolution
		HideSolutionNode = FALSE
	EndGlobalSection
																																	GlobalSection(MonoDevelopProperties) = preSolution
		StartupItem = Assembly-CSharp.csproj
		Policies = $0
		$0.TextStylePolicy = $1
		$1.inheritsSet = null
		$1.scope = text/x-csharp
		$0.CSharpFormattingPolicy = $2
		$2.inheritsSet = Mono
		$2.inheritsScope = text/x-csharp
		$2.scope = text/x-csharp
		$0.TextStylePolicy = $3
		$3.FileWidth = 120
		$3.TabWidth = 4
		$3.IndentWidth = 4
		$3.EolMarker = Unix
		$3.inheritsSet = Mono
		$3.inheritsScope = text/plain
		$3.scope = text/plain
	EndGlobalSection

EndGlobal
